lockfileVersion: '9.0'

settings:
  autoInstallPeers: true
  excludeLinksFromLockfile: false

importers:

  .:
    dependencies:
      '@radix-ui/react-dialog':
        specifier: latest
        version: 1.1.15(@types/react-dom@18.0.0)(@types/react@18.0.0)(react-dom@18.0.0(react@18.0.0))(react@18.0.0)
      '@types/node':
        specifier: ^20
        version: 20.0.0
      '@types/qrcode':
        specifier: ^1.5.5
        version: 1.5.5
      '@types/react':
        specifier: ^18
        version: 18.0.0
      '@types/react-dom':
        specifier: ^18
        version: 18.0.0
      class-variance-authority:
        specifier: ^0.7.1
        version: 0.7.1
      clsx:
        specifier: ^2.1.1
        version: 2.1.1
      jspdf:
        specifier: latest
        version: 3.0.3
      lucide-react:
        specifier: ^0.454.0
        version: 0.454.0(react@18.0.0)
      next:
        specifier: 14.2.4
        version: 14.2.4(react-dom@18.0.0(react@18.0.0))(react@18.0.0)
      qrcode:
        specifier: latest
        version: 1.5.4
      react:
        specifier: ^18
        version: 18.0.0
      react-dom:
        specifier: ^18
        version: 18.0.0(react@18.0.0)
      tailwind-merge:
        specifier: ^2.5.5
        version: 2.5.5
      tailwindcss-animate:
        specifier: ^1.0.7
        version: 1.0.7
      tw-animate-css:
        specifier: latest
        version: 1.4.0
      typescript:
        specifier: ^5
        version: 5.0.2
    devDependencies:
      postcss:
        specifier: ^8.5
        version: 8.5.0

packages:

  '@babel/runtime@7.28.3':
    resolution: {integrity: sha512-9uIQ10o0WGdpP6GDhXcdOJPJuDgFtIDtN/9+ArJQ2NAfAmiuhTQdzkaTGR33v43GYS2UrSA0eX2pPPHoFVvpxA==}
    engines: {node: '>=6.9.0'}

  '@next/env@14.2.4':
    resolution: {integrity: sha512-3EtkY5VDkuV2+lNmKlbkibIJxcO4oIHEhBWne6PaAp+76J9KoSsGvNikp6ivzAT8dhhBMYrm6op2pS1ApG0Hzg==}

  '@next/swc-darwin-arm64@14.2.4':
    resolution: {integrity: sha512-AH3mO4JlFUqsYcwFUHb1wAKlebHU/Hv2u2kb1pAuRanDZ7pD/A/KPD98RHZmwsJpdHQwfEc/06mgpSzwrJYnNg==}
    engines: {node: '>= 10'}
    cpu: [arm64]
    os: [darwin]

  '@next/swc-darwin-x64@14.2.4':
    resolution: {integrity: sha512-QVadW73sWIO6E2VroyUjuAxhWLZWEpiFqHdZdoQ/AMpN9YWGuHV8t2rChr0ahy+irKX5mlDU7OY68k3n4tAZTg==}
    engines: {node: '>= 10'}
    cpu: [x64]
    os: [darwin]

  '@next/swc-linux-arm64-gnu@14.2.4':
    resolution: {integrity: sha512-KT6GUrb3oyCfcfJ+WliXuJnD6pCpZiosx2X3k66HLR+DMoilRb76LpWPGb4tZprawTtcnyrv75ElD6VncVamUQ==}
    engines: {node: '>= 10'}
    cpu: [arm64]
    os: [linux]

  '@next/swc-linux-arm64-musl@14.2.4':
    resolution: {integrity: sha512-Alv8/XGSs/ytwQcbCHwze1HmiIkIVhDHYLjczSVrf0Wi2MvKn/blt7+S6FJitj3yTlMwMxII1gIJ9WepI4aZ/A==}
    engines: {node: '>= 10'}
    cpu: [arm64]
    os: [linux]

  '@next/swc-linux-x64-gnu@14.2.4':
    resolution: {integrity: sha512-ze0ShQDBPCqxLImzw4sCdfnB3lRmN3qGMB2GWDRlq5Wqy4G36pxtNOo2usu/Nm9+V2Rh/QQnrRc2l94kYFXO6Q==}
    engines: {node: '>= 10'}
    cpu: [x64]
    os: [linux]

  '@next/swc-linux-x64-musl@14.2.4':
    resolution: {integrity: sha512-8dwC0UJoc6fC7PX70csdaznVMNr16hQrTDAMPvLPloazlcaWfdPogq+UpZX6Drqb1OBlwowz8iG7WR0Tzk/diQ==}
    engines: {node: '>= 10'}
    cpu: [x64]
    os: [linux]

  '@next/swc-win32-arm64-msvc@14.2.4':
    resolution: {integrity: sha512-jxyg67NbEWkDyvM+O8UDbPAyYRZqGLQDTPwvrBBeOSyVWW/jFQkQKQ70JDqDSYg1ZDdl+E3nkbFbq8xM8E9x8A==}
    engines: {node: '>= 10'}
    cpu: [arm64]
    os: [win32]

  '@next/swc-win32-ia32-msvc@14.2.4':
    resolution: {integrity: sha512-twrmN753hjXRdcrZmZttb/m5xaCBFa48Dt3FbeEItpJArxriYDunWxJn+QFXdJ3hPkm4u7CKxncVvnmgQMY1ag==}
    engines: {node: '>= 10'}
    cpu: [ia32]
    os: [win32]

  '@next/swc-win32-x64-msvc@14.2.4':
    resolution: {integrity: sha512-tkLrjBzqFTP8DVrAAQmZelEahfR9OxWpFR++vAI9FBhCiIxtwHwBHC23SBHCTURBtwB4kc/x44imVOnkKGNVGg==}
    engines: {node: '>= 10'}
    cpu: [x64]
    os: [win32]

  '@radix-ui/primitive@1.1.3':
    resolution: {integrity: sha512-JTF99U/6XIjCBo0wqkU5sK10glYe27MRRsfwoiq5zzOEZLHU3A3KCMa5X/azekYRCJ0HlwI0crAXS/5dEHTzDg==}

  '@radix-ui/react-compose-refs@1.1.2':
    resolution: {integrity: sha512-z4eqJvfiNnFMHIIvXP3CY57y2WJs5g2v3X0zm9mEJkrkNv4rDxu+sg9Jh8EkXyeqBkB7SOcboo9dMVqhyrACIg==}
    peerDependencies:
      '@types/react': '*'
      react: ^16.8 || ^17.0 || ^18.0 || ^19.0 || ^19.0.0-rc
    peerDependenciesMeta:
      '@types/react':
        optional: true

  '@radix-ui/react-context@1.1.2':
    resolution: {integrity: sha512-jCi/QKUM2r1Ju5a3J64TH2A5SpKAgh0LpknyqdQ4m6DCV0xJ2HG1xARRwNGPQfi1SLdLWZ1OJz6F4OMBBNiGJA==}
    peerDependencies:
      '@types/react': '*'
      react: ^16.8 || ^17.0 || ^18.0 || ^19.0 || ^19.0.0-rc
    peerDependenciesMeta:
      '@types/react':
        optional: true

  '@radix-ui/react-dialog@1.1.15':
    resolution: {integrity: sha512-TCglVRtzlffRNxRMEyR36DGBLJpeusFcgMVD9PZEzAKnUs1lKCgX5u9BmC2Yg+LL9MgZDugFFs1Vl+Jp4t/PGw==}
    peerDependencies:
      '@types/react': '*'
      '@types/react-dom': '*'
      react: ^16.8 || ^17.0 || ^18.0 || ^19.0 || ^19.0.0-rc
      react-dom: ^16.8 || ^17.0 || ^18.0 || ^19.0 || ^19.0.0-rc
    peerDependenciesMeta:
      '@types/react':
        optional: true
      '@types/react-dom':
        optional: true

  '@radix-ui/react-dismissable-layer@1.1.11':
    resolution: {integrity: sha512-Nqcp+t5cTB8BinFkZgXiMJniQH0PsUt2k51FUhbdfeKvc4ACcG2uQniY/8+h1Yv6Kza4Q7lD7PQV0z0oicE0Mg==}
    peerDependencies:
      '@types/react': '*'
      '@types/react-dom': '*'
      react: ^16.8 || ^17.0 || ^18.0 || ^19.0 || ^19.0.0-rc
      react-dom: ^16.8 || ^17.0 || ^18.0 || ^19.0 || ^19.0.0-rc
    peerDependenciesMeta:
      '@types/react':
        optional: true
      '@types/react-dom':
        optional: true

  '@radix-ui/react-focus-guards@1.1.3':
    resolution: {integrity: sha512-0rFg/Rj2Q62NCm62jZw0QX7a3sz6QCQU0LpZdNrJX8byRGaGVTqbrW9jAoIAHyMQqsNpeZ81YgSizOt5WXq0Pw==}
    peerDependencies:
      '@types/react': '*'
      react: ^16.8 || ^17.0 || ^18.0 || ^19.0 || ^19.0.0-rc
    peerDependenciesMeta:
      '@types/react':
        optional: true

  '@radix-ui/react-focus-scope@1.1.7':
    resolution: {integrity: sha512-t2ODlkXBQyn7jkl6TNaw/MtVEVvIGelJDCG41Okq/KwUsJBwQ4XVZsHAVUkK4mBv3ewiAS3PGuUWuY2BoK4ZUw==}
    peerDependencies:
      '@types/react': '*'
      '@types/react-dom': '*'
      react: ^16.8 || ^17.0 || ^18.0 || ^19.0 || ^19.0.0-rc
      react-dom: ^16.8 || ^17.0 || ^18.0 || ^19.0 || ^19.0.0-rc
    peerDependenciesMeta:
      '@types/react':
        optional: true
      '@types/react-dom':
        optional: true

  '@radix-ui/react-id@1.1.1':
    resolution: {integrity: sha512-kGkGegYIdQsOb4XjsfM97rXsiHaBwco+hFI66oO4s9LU+PLAC5oJ7khdOVFxkhsmlbpUqDAvXw11CluXP+jkHg==}
    peerDependencies:
      '@types/react': '*'
      react: ^16.8 || ^17.0 || ^18.0 || ^19.0 || ^19.0.0-rc
    peerDependenciesMeta:
      '@types/react':
        optional: true

  '@radix-ui/react-portal@1.1.9':
    resolution: {integrity: sha512-bpIxvq03if6UNwXZ+HTK71JLh4APvnXntDc6XOX8UVq4XQOVl7lwok0AvIl+b8zgCw3fSaVTZMpAPPagXbKmHQ==}
    peerDependencies:
      '@types/react': '*'
      '@types/react-dom': '*'
      react: ^16.8 || ^17.0 || ^18.0 || ^19.0 || ^19.0.0-rc
      react-dom: ^16.8 || ^17.0 || ^18.0 || ^19.0 || ^19.0.0-rc
    peerDependenciesMeta:
      '@types/react':
        optional: true
      '@types/react-dom':
        optional: true

  '@radix-ui/react-presence@1.1.5':
    resolution: {integrity: sha512-/jfEwNDdQVBCNvjkGit4h6pMOzq8bHkopq458dPt2lMjx+eBQUohZNG9A7DtO/O5ukSbxuaNGXMjHicgwy6rQQ==}
    peerDependencies:
      '@types/react': '*'
      '@types/react-dom': '*'
      react: ^16.8 || ^17.0 || ^18.0 || ^19.0 || ^19.0.0-rc
      react-dom: ^16.8 || ^17.0 || ^18.0 || ^19.0 || ^19.0.0-rc
    peerDependenciesMeta:
      '@types/react':
        optional: true
      '@types/react-dom':
        optional: true

  '@radix-ui/react-primitive@2.1.3':
    resolution: {integrity: sha512-m9gTwRkhy2lvCPe6QJp4d3G1TYEUHn/FzJUtq9MjH46an1wJU+GdoGC5VLof8RX8Ft/DlpshApkhswDLZzHIcQ==}
    peerDependencies:
      '@types/react': '*'
      '@types/react-dom': '*'
      react: ^16.8 || ^17.0 || ^18.0 || ^19.0 || ^19.0.0-rc
      react-dom: ^16.8 || ^17.0 || ^18.0 || ^19.0 || ^19.0.0-rc
    peerDependenciesMeta:
      '@types/react':
        optional: true
      '@types/react-dom':
        optional: true

  '@radix-ui/react-slot@1.2.3':
    resolution: {integrity: sha512-aeNmHnBxbi2St0au6VBVC7JXFlhLlOnvIIlePNniyUNAClzmtAUEY8/pBiK3iHjufOlwA+c20/8jngo7xcrg8A==}
    peerDependencies:
      '@types/react': '*'
      react: ^16.8 || ^17.0 || ^18.0 || ^19.0 || ^19.0.0-rc
    peerDependenciesMeta:
      '@types/react':
        optional: true

  '@radix-ui/react-use-callback-ref@1.1.1':
    resolution: {integrity: sha512-FkBMwD+qbGQeMu1cOHnuGB6x4yzPjho8ap5WtbEJ26umhgqVXbhekKUQO+hZEL1vU92a3wHwdp0HAcqAUF5iDg==}
    peerDependencies:
      '@types/react': '*'
      react: ^16.8 || ^17.0 || ^18.0 || ^19.0 || ^19.0.0-rc
    peerDependenciesMeta:
      '@types/react':
        optional: true

  '@radix-ui/react-use-controllable-state@1.2.2':
    resolution: {integrity: sha512-BjasUjixPFdS+NKkypcyyN5Pmg83Olst0+c6vGov0diwTEo6mgdqVR6hxcEgFuh4QrAs7Rc+9KuGJ9TVCj0Zzg==}
    peerDependencies:
      '@types/react': '*'
      react: ^16.8 || ^17.0 || ^18.0 || ^19.0 || ^19.0.0-rc
    peerDependenciesMeta:
      '@types/react':
        optional: true

  '@radix-ui/react-use-effect-event@0.0.2':
    resolution: {integrity: sha512-Qp8WbZOBe+blgpuUT+lw2xheLP8q0oatc9UpmiemEICxGvFLYmHm9QowVZGHtJlGbS6A6yJ3iViad/2cVjnOiA==}
    peerDependencies:
      '@types/react': '*'
      react: ^16.8 || ^17.0 || ^18.0 || ^19.0 || ^19.0.0-rc
    peerDependenciesMeta:
      '@types/react':
        optional: true

  '@radix-ui/react-use-escape-keydown@1.1.1':
    resolution: {integrity: sha512-Il0+boE7w/XebUHyBjroE+DbByORGR9KKmITzbR7MyQ4akpORYP/ZmbhAr0DG7RmmBqoOnZdy2QlvajJ2QA59g==}
    peerDependencies:
      '@types/react': '*'
      react: ^16.8 || ^17.0 || ^18.0 || ^19.0 || ^19.0.0-rc
    peerDependenciesMeta:
      '@types/react':
        optional: true

  '@radix-ui/react-use-layout-effect@1.1.1':
    resolution: {integrity: sha512-RbJRS4UWQFkzHTTwVymMTUv8EqYhOp8dOOviLj2ugtTiXRaRQS7GLGxZTLL1jWhMeoSCf5zmcZkqTl9IiYfXcQ==}
    peerDependencies:
      '@types/react': '*'
      react: ^16.8 || ^17.0 || ^18.0 || ^19.0 || ^19.0.0-rc
    peerDependenciesMeta:
      '@types/react':
        optional: true

  '@swc/counter@0.1.3':
    resolution: {integrity: sha512-e2BR4lsJkkRlKZ/qCHPw9ZaSxc0MVUd7gtbtaB7aMvHeJVYe8sOB8DBZkP2DtISHGSku9sCK6T6cnY0CtXrOCQ==}

  '@swc/helpers@0.5.5':
    resolution: {integrity: sha512-KGYxvIOXcceOAbEk4bi/dVLEK9z8sZ0uBB3Il5b1rhfClSpcX0yfRO0KmTkqR2cnQDymwLB+25ZyMzICg/cm/A==}

  '@types/node@20.0.0':
    resolution: {integrity: sha512-cD2uPTDnQQCVpmRefonO98/PPijuOnnEy5oytWJFPY1N9aJCz2wJ5kSGWO+zJoed2cY2JxQh6yBuUq4vIn61hw==}

  '@types/pako@2.0.4':
    resolution: {integrity: sha512-VWDCbrLeVXJM9fihYodcLiIv0ku+AlOa/TQ1SvYOaBuyrSKgEcro95LJyIsJ4vSo6BXIxOKxiJAat04CmST9Fw==}

  '@types/prop-types@15.7.15':
    resolution: {integrity: sha512-F6bEyamV9jKGAFBEmlQnesRPGOQqS2+Uwi0Em15xenOxHaf2hv6L8YCVn3rPdPJOiJfPiCnLIRyvwVaqMY3MIw==}

  '@types/qrcode@1.5.5':
    resolution: {integrity: sha512-CdfBi/e3Qk+3Z/fXYShipBT13OJ2fDO2Q2w5CIP5anLTLIndQG9z6P1cnm+8zCWSpm5dnxMFd/uREtb0EXuQzg==}

  '@types/raf@3.4.3':
    resolution: {integrity: sha512-c4YAvMedbPZ5tEyxzQdMoOhhJ4RD3rngZIdwC2/qDN3d7JpEhB6fiBRKVY1lg5B7Wk+uPBjn5f39j1/2MY1oOw==}

  '@types/react-dom@18.0.0':
    resolution: {integrity: sha512-49897Y0UiCGmxZqpC8Blrf6meL8QUla6eb+BBhn69dTXlmuOlzkfr7HHY/O8J25e1lTUMs+YYxSlVDAaGHCOLg==}

  '@types/react@18.0.0':
    resolution: {integrity: sha512-7+K7zEQYu7NzOwQGLR91KwWXXDzmTFODRVizJyIALf6RfLv2GDpqpknX64pvRVILXCpXi7O/pua8NGk44dLvJw==}

  '@types/scheduler@0.26.0':
    resolution: {integrity: sha512-WFHp9YUJQ6CKshqoC37iOlHnQSmxNc795UhB26CyBBttrN9svdIrUjl/NjnNmfcwtncN0h/0PPAFWv9ovP8mLA==}

  '@types/trusted-types@2.0.7':
    resolution: {integrity: sha512-ScaPdn1dQczgbl0QFTeTOmVHFULt394XJgOQNoyVhZ6r2vLnMLJfBPd53SB52T/3G36VI1/g2MZaX0cwDuXsfw==}

  ansi-regex@5.0.1:
    resolution: {integrity: sha512-quJQXlTSUGL2LH9SUXo8VwsY4soanhgo6LNSm84E1LBcE8s3O0wpdiRzyR9z/ZZJMlMWv37qOOb9pdJlMUEKFQ==}
    engines: {node: '>=8'}

  ansi-styles@4.3.0:
    resolution: {integrity: sha512-zbB9rCJAT1rbjiVDb2hqKFHNYLxgtk8NURxZ3IZwD3F6NtxbXZQCnnSi1Lkx+IDohdPlFp222wVALIheZJQSEg==}
    engines: {node: '>=8'}

  aria-hidden@1.2.6:
    resolution: {integrity: sha512-ik3ZgC9dY/lYVVM++OISsaYDeg1tb0VtP5uL3ouh1koGOaUMDPpbFIei4JkFimWUFPn90sbMNMXQAIVOlnYKJA==}
    engines: {node: '>=10'}

  base64-arraybuffer@1.0.2:
    resolution: {integrity: sha512-I3yl4r9QB5ZRY3XuJVEPfc2XhZO6YweFPI+UovAzn+8/hb3oJ6lnysaFcjVpkCPfVWFUDvoZ8kmVDP7WyRtYtQ==}
    engines: {node: '>= 0.6.0'}

  busboy@1.6.0:
    resolution: {integrity: sha512-8SFQbg/0hQ9xy3UNTB0YEnsNBbWfhf7RtnzpL7TkBiTBRfrQ9Fxcnz7VJsleJpyp6rVLvXiuORqjlHi5q+PYuA==}
    engines: {node: '>=10.16.0'}

  camelcase@5.3.1:
    resolution: {integrity: sha512-L28STB170nwWS63UjtlEOE3dldQApaJXZkOI1uMFfzf3rRuPegHaHesyee+YxQ+W6SvRDQV6UrdOdRiR153wJg==}
    engines: {node: '>=6'}

  caniuse-lite@1.0.30001737:
    resolution: {integrity: sha512-BiloLiXtQNrY5UyF0+1nSJLXUENuhka2pzy2Fx5pGxqavdrxSCW4U6Pn/PoG3Efspi2frRbHpBV2XsrPE6EDlw==}

  canvg@3.0.11:
    resolution: {integrity: sha512-5ON+q7jCTgMp9cjpu4Jo6XbvfYwSB2Ow3kzHKfIyJfaCAOHLbdKPQqGKgfED/R5B+3TFFfe8pegYA+b423SRyA==}
    engines: {node: '>=10.0.0'}

  class-variance-authority@0.7.1:
    resolution: {integrity: sha512-Ka+9Trutv7G8M6WT6SeiRWz792K5qEqIGEGzXKhAE6xOWAY6pPH8U+9IY3oCMv6kqTmLsv7Xh/2w2RigkePMsg==}

  client-only@0.0.1:
    resolution: {integrity: sha512-IV3Ou0jSMzZrd3pZ48nLkT9DA7Ag1pnPzaiQhpW7c3RbcqqzvzzVu+L8gfqMp/8IM2MQtSiqaCxrrcfu8I8rMA==}

  cliui@6.0.0:
    resolution: {integrity: sha512-t6wbgtoCXvAzst7QgXxJYqPt0usEfbgQdftEPbLL/cvv6HPE5VgvqCuAIDR0NgU52ds6rFwqrgakNLrHEjCbrQ==}

  clsx@2.1.1:
    resolution: {integrity: sha512-eYm0QWBtUrBWZWG0d386OGAw16Z995PiOVo2B7bjWSbHedGl5e0ZWaq65kOGgUSNesEIDkB9ISbTg/JK9dhCZA==}
    engines: {node: '>=6'}

  color-convert@2.0.1:
    resolution: {integrity: sha512-RRECPsj7iu/xb5oKYcsFHSppFNnsj/52OVTRKb4zP5onXwVF3zVmmToNcOfGC+CRDpfK/U584fMg38ZHCaElKQ==}
    engines: {node: '>=7.0.0'}

  color-name@1.1.4:
    resolution: {integrity: sha512-dOy+3AuW3a2wNbZHIuMZpTcgjGuLU/uBL/ubcZF9OXbDo8ff4O8yVp5Bf0efS8uEoYo5q4Fx7dY9OgQGXgAsQA==}

  core-js@3.45.1:
    resolution: {integrity: sha512-L4NPsJlCfZsPeXukyzHFlg/i7IIVwHSItR0wg0FLNqYClJ4MQYTYLbC7EkjKYRLZF2iof2MUgN0EGy7MdQFChg==}

  css-line-break@2.1.0:
    resolution: {integrity: sha512-FHcKFCZcAha3LwfVBhCQbW2nCNbkZXn7KVUJcsT5/P8YmfsVja0FMPJr0B903j/E69HUphKiV9iQArX8SDYA4w==}

  csstype@3.1.3:
    resolution: {integrity: sha512-M1uQkMl8rQK/szD0LNhtqxIPLpimGm8sOBwU7lLnCpSbTyY3yeU1Vc7l4KT5zT4s/yOxHH5O7tIuuLOCnLADRw==}

  decamelize@1.2.0:
    resolution: {integrity: sha512-z2S+W9X73hAUUki+N+9Za2lBlun89zigOyGrsax+KUQ6wKW4ZoWpEYBkGhQjwAjjDCkWxhY0VKEhk8wzY7F5cA==}
    engines: {node: '>=0.10.0'}

  detect-node-es@1.1.0:
    resolution: {integrity: sha512-ypdmJU/TbBby2Dxibuv7ZLW3Bs1QEmM7nHjEANfohJLvE0XVujisn1qPJcZxg+qDucsr+bP6fLD1rPS3AhJ7EQ==}

  dijkstrajs@1.0.3:
    resolution: {integrity: sha512-qiSlmBq9+BCdCA/L46dw8Uy93mloxsPSbwnm5yrKn2vMPiy8KyAskTF6zuV/j5BMsmOGZDPs7KjU+mjb670kfA==}

  dompurify@3.2.6:
    resolution: {integrity: sha512-/2GogDQlohXPZe6D6NOgQvXLPSYBqIWMnZ8zzOhn09REE4eyAzb+Hed3jhoM9OkuaJ8P6ZGTTVWQKAi8ieIzfQ==}

  emoji-regex@8.0.0:
    resolution: {integrity: sha512-MSjYzcWNOA0ewAHpz0MxpYFvwg6yjy1NG3xteoqz644VCo/RPgnr1/GGt+ic3iJTzQ8Eu3TdM14SawnVUmGE6A==}

  fast-png@6.4.0:
    resolution: {integrity: sha512-kAqZq1TlgBjZcLr5mcN6NP5Rv4V2f22z00c3g8vRrwkcqjerx7BEhPbOnWCPqaHUl2XWQBJQvOT/FQhdMT7X/Q==}

  fflate@0.8.2:
    resolution: {integrity: sha512-cPJU47OaAoCbg0pBvzsgpTPhmhqI5eJjh/JIu8tPj5q+T7iLvW/JAYUqmE7KOB4R1ZyEhzBaIQpQpardBF5z8A==}

  find-up@4.1.0:
    resolution: {integrity: sha512-PpOwAdQ/YlXQ2vj8a3h8IipDuYRi3wceVQQGYWxNINccq40Anw7BlsEXCMbt1Zt+OLA6Fq9suIpIWD0OsnISlw==}
    engines: {node: '>=8'}

  get-caller-file@2.0.5:
    resolution: {integrity: sha512-DyFP3BM/3YHTQOCUL/w0OZHR0lpKeGrxotcHWcqNEdnltqFwXVfhEBQ94eIo34AfQpo0rGki4cyIiftY06h2Fg==}
    engines: {node: 6.* || 8.* || >= 10.*}

  get-nonce@1.0.1:
    resolution: {integrity: sha512-FJhYRoDaiatfEkUK8HKlicmu/3SGFD51q3itKDGoSTysQJBnfOcxU5GxnhE1E6soB76MbT0MBtnKJuXyAx+96Q==}
    engines: {node: '>=6'}

  graceful-fs@4.2.11:
    resolution: {integrity: sha512-RbJ5/jmFcNNCcDV5o9eTnBLJ/HszWV0P73bc+Ff4nS/rJj+YaS6IGyiOL0VoBYX+l1Wrl3k63h/KrH+nhJ0XvQ==}

  html2canvas@1.4.1:
    resolution: {integrity: sha512-fPU6BHNpsyIhr8yyMpTLLxAbkaK8ArIBcmZIRiBLiDhjeqvXolaEmDGmELFuX9I4xDcaKKcJl+TKZLqruBbmWA==}
    engines: {node: '>=8.0.0'}

  iobuffer@5.4.0:
    resolution: {integrity: sha512-DRebOWuqDvxunfkNJAlc3IzWIPD5xVxwUNbHr7xKB8E6aLJxIPfNX3CoMJghcFjpv6RWQsrcJbghtEwSPoJqMA==}

  is-fullwidth-code-point@3.0.0:
    resolution: {integrity: sha512-zymm5+u+sCsSWyD9qNaejV3DFvhCKclKdizYaJUuHA83RLjb7nSuGnddCHGv0hk+KY7BMAlsWeK4Ueg6EV6XQg==}
    engines: {node: '>=8'}

  js-tokens@4.0.0:
    resolution: {integrity: sha512-RdJUflcE3cUzKiMqQgsCu06FPu9UdIJO0beYbPhHN4k6apgJtifcoCtT9bcxOpYBtpD2kCM6Sbzg4CausW/PKQ==}

  jspdf@3.0.3:
    resolution: {integrity: sha512-eURjAyz5iX1H8BOYAfzvdPfIKK53V7mCpBTe7Kb16PaM8JSXEcUQNBQaiWMI8wY5RvNOPj4GccMjTlfwRBd+oQ==}

  locate-path@5.0.0:
    resolution: {integrity: sha512-t7hw9pI+WvuwNJXwk5zVHpyhIqzg2qTlklJOf0mVxGSbe3Fp2VieZcduNYjaLDoy6p9uGpQEGWG87WpMKlNq8g==}
    engines: {node: '>=8'}

  loose-envify@1.4.0:
    resolution: {integrity: sha512-lyuxPGr/Wfhrlem2CL/UcnUc1zcqKAImBDzukY7Y5F/yQiNdko6+fRLevlw1HgMySw7f611UIY408EtxRSoK3Q==}
    hasBin: true

  lucide-react@0.454.0:
    resolution: {integrity: sha512-hw7zMDwykCLnEzgncEEjHeA6+45aeEzRYuKHuyRSOPkhko+J3ySGjGIzu+mmMfDFG1vazHepMaYFYHbTFAZAAQ==}
    peerDependencies:
      react: ^16.5.1 || ^17.0.0 || ^18.0.0 || ^19.0.0-rc

  nanoid@3.3.11:
    resolution: {integrity: sha512-N8SpfPUnUp1bK+PMYW8qSWdl9U+wwNWI4QKxOYDy9JAro3WMX7p2OeVRF9v+347pnakNevPmiHhNmZ2HbFA76w==}
    engines: {node: ^10 || ^12 || ^13.7 || ^14 || >=15.0.1}
    hasBin: true

  next@14.2.4:
    resolution: {integrity: sha512-R8/V7vugY+822rsQGQCjoLhMuC9oFj9SOi4Cl4b2wjDrseD0LRZ10W7R6Czo4w9ZznVSshKjuIomsRjvm9EKJQ==}
    engines: {node: '>=18.17.0'}
    hasBin: true
    peerDependencies:
      '@opentelemetry/api': ^1.1.0
      '@playwright/test': ^1.41.2
      react: ^18.2.0
      react-dom: ^18.2.0
      sass: ^1.3.0
    peerDependenciesMeta:
      '@opentelemetry/api':
        optional: true
      '@playwright/test':
        optional: true
      sass:
        optional: true

  p-limit@2.3.0:
    resolution: {integrity: sha512-//88mFWSJx8lxCzwdAABTJL2MyWB12+eIY7MDL2SqLmAkeKU9qxRvWuSyTjm3FUmpBEMuFfckAIqEaVGUDxb6w==}
    engines: {node: '>=6'}

  p-locate@4.1.0:
    resolution: {integrity: sha512-R79ZZ/0wAxKGu3oYMlz8jy/kbhsNrS7SKZ7PxEHBgJ5+F2mtFW2fK2cOtBh1cHYkQsbzFV7I+EoRKe6Yt0oK7A==}
    engines: {node: '>=8'}

  p-try@2.2.0:
    resolution: {integrity: sha512-R4nPAVTAU0B9D35/Gk3uJf/7XYbQcyohSKdvAxIRSNghFl4e71hVoGnBNQz9cWaXxO2I10KTC+3jMdvvoKw6dQ==}
    engines: {node: '>=6'}

  pako@2.1.0:
    resolution: {integrity: sha512-w+eufiZ1WuJYgPXbV/PO3NCMEc3xqylkKHzp8bxp1uW4qaSNQUkwmLLEc3kKsfz8lpV1F8Ht3U1Cm+9Srog2ug==}

  path-exists@4.0.0:
    resolution: {integrity: sha512-ak9Qy5Q7jYb2Wwcey5Fpvg2KoAc/ZIhLSLOSBmRmygPsGwkVVt0fZa0qrtMz+m6tJTAHfZQ8FnmB4MG4LWy7/w==}
    engines: {node: '>=8'}

  performance-now@2.1.0:
    resolution: {integrity: sha512-7EAHlyLHI56VEIdK57uwHdHKIaAGbnXPiw0yWbarQZOKaKpvUIgW0jWRVLiatnM+XXlSwsanIBH/hzGMJulMow==}

  picocolors@1.1.1:
    resolution: {integrity: sha512-xceH2snhtb5M9liqDsmEw56le376mTZkEX/jEb/RxNFyegNul7eNslCXP9FDj/Lcu0X8KEyMceP2ntpaHrDEVA==}

  pngjs@5.0.0:
    resolution: {integrity: sha512-40QW5YalBNfQo5yRYmiw7Yz6TKKVr3h6970B2YE+3fQpsWcrbj1PzJgxeJ19DRQjhMbKPIuMY8rFaXc8moolVw==}
    engines: {node: '>=10.13.0'}

  postcss@8.4.31:
    resolution: {integrity: sha512-PS08Iboia9mts/2ygV3eLpY5ghnUcfLV/EXTOW1E2qYxJKGGBUtNjN76FYHnMs36RmARn41bC0AZmn+rR0OVpQ==}
    engines: {node: ^10 || ^12 || >=14}

  postcss@8.5.0:
    resolution: {integrity: sha512-27VKOqrYfPncKA2NrFOVhP5MGAfHKLYn/Q0mz9cNQyRAKYi3VNHwYU2qKKqPCqgBmeeJ0uAFB56NumXZ5ZReXg==}
    engines: {node: ^10 || ^12 || >=14}

  qrcode@1.5.4:
    resolution: {integrity: sha512-1ca71Zgiu6ORjHqFBDpnSMTR2ReToX4l1Au1VFLyVeBTFavzQnv5JxMFr3ukHVKpSrSA2MCk0lNJSykjUfz7Zg==}
    engines: {node: '>=10.13.0'}
    hasBin: true

  raf@3.4.1:
    resolution: {integrity: sha512-Sq4CW4QhwOHE8ucn6J34MqtZCeWFP2aQSmrlroYgqAV1PjStIhJXxYuTgUIfkEk7zTLjmIjLmU5q+fbD1NnOJA==}

  react-dom@18.0.0:
    resolution: {integrity: sha512-XqX7uzmFo0pUceWFCt7Gff6IyIMzFUn7QMZrbrQfGxtaxXZIcGQzoNpRLE3fQLnS4XzLLPMZX2T9TRcSrasicw==}
    peerDependencies:
      react: ^18.0.0

  react-remove-scroll-bar@2.3.8:
    resolution: {integrity: sha512-9r+yi9+mgU33AKcj6IbT9oRCO78WriSj6t/cF8DWBZJ9aOGPOTEDvdUDz1FwKim7QXWwmHqtdHnRJfhAxEG46Q==}
    engines: {node: '>=10'}
    peerDependencies:
      '@types/react': '*'
      react: ^16.8.0 || ^17.0.0 || ^18.0.0 || ^19.0.0
    peerDependenciesMeta:
      '@types/react':
        optional: true

  react-remove-scroll@2.7.1:
    resolution: {integrity: sha512-HpMh8+oahmIdOuS5aFKKY6Pyog+FNaZV/XyJOq7b4YFwsFHe5yYfdbIalI4k3vU2nSDql7YskmUseHsRrJqIPA==}
    engines: {node: '>=10'}
    peerDependencies:
      '@types/react': '*'
      react: ^16.8.0 || ^17.0.0 || ^18.0.0 || ^19.0.0 || ^19.0.0-rc
    peerDependenciesMeta:
      '@types/react':
        optional: true

  react-style-singleton@2.2.3:
    resolution: {integrity: sha512-b6jSvxvVnyptAiLjbkWLE/lOnR4lfTtDAl+eUC7RZy+QQWc6wRzIV2CE6xBuMmDxc2qIihtDCZD5NPOFl7fRBQ==}
    engines: {node: '>=10'}
    peerDependencies:
      '@types/react': '*'
      react: ^16.8.0 || ^17.0.0 || ^18.0.0 || ^19.0.0 || ^19.0.0-rc
    peerDependenciesMeta:
      '@types/react':
        optional: true

  react@18.0.0:
    resolution: {integrity: sha512-x+VL6wbT4JRVPm7EGxXhZ8w8LTROaxPXOqhlGyVSrv0sB1jkyFGgXxJ8LVoPRLvPR6/CIZGFmfzqUa2NYeMr2A==}
    engines: {node: '>=0.10.0'}

  regenerator-runtime@0.13.11:
    resolution: {integrity: sha512-kY1AZVr2Ra+t+piVaJ4gxaFaReZVH40AKNo7UCX6W+dEwBo/2oZJzqfuN1qLq1oL45o56cPaTXELwrTh8Fpggg==}

  require-directory@2.1.1:
    resolution: {integrity: sha512-fGxEI7+wsG9xrvdjsrlmL22OMTTiHRwAMroiEeMgq8gzoLC/PQr7RsRDSTLUg/bZAZtF+TVIkHc6/4RIKrui+Q==}
    engines: {node: '>=0.10.0'}

  require-main-filename@2.0.0:
    resolution: {integrity: sha512-NKN5kMDylKuldxYLSUfrbo5Tuzh4hd+2E8NPPX02mZtn1VuREQToYe/ZdlJy+J3uCpfaiGF05e7B8W0iXbQHmg==}

  rgbcolor@1.0.1:
    resolution: {integrity: sha512-9aZLIrhRaD97sgVhtJOW6ckOEh6/GnvQtdVNfdZ6s67+3/XwLS9lBcQYzEEhYVeUowN7pRzMLsyGhK2i/xvWbw==}
    engines: {node: '>= 0.8.15'}

  scheduler@0.21.0:
    resolution: {integrity: sha512-1r87x5fz9MXqswA2ERLo0EbOAU74DpIUO090gIasYTqlVoJeMcl+Z1Rg7WHz+qtPujhS/hGIt9kxZOYBV3faRQ==}

  set-blocking@2.0.0:
    resolution: {integrity: sha512-KiKBS8AnWGEyLzofFfmvKwpdPzqiy16LvQfK3yv/fVH7Bj13/wl3JSR1J+rfgRE9q7xUJK4qvgS8raSOeLUehw==}

  source-map-js@1.2.1:
    resolution: {integrity: sha512-UXWMKhLOwVKb728IUtQPXxfYU+usdybtUrK/8uGE8CQMvrhOpwvzDBwj0QhSL7MQc7vIsISBG8VQ8+IDQxpfQA==}
    engines: {node: '>=0.10.0'}

  stackblur-canvas@2.7.0:
    resolution: {integrity: sha512-yf7OENo23AGJhBriGx0QivY5JP6Y1HbrrDI6WLt6C5auYZXlQrheoY8hD4ibekFKz1HOfE48Ww8kMWMnJD/zcQ==}
    engines: {node: '>=0.1.14'}

  streamsearch@1.1.0:
    resolution: {integrity: sha512-Mcc5wHehp9aXz1ax6bZUyY5afg9u2rv5cqQI3mRrYkGC8rW2hM02jWuwjtL++LS5qinSyhj2QfLyNsuc+VsExg==}
    engines: {node: '>=10.0.0'}

  string-width@4.2.3:
    resolution: {integrity: sha512-wKyQRQpjJ0sIp62ErSZdGsjMJWsap5oRNihHhu6G7JVO/9jIB6UyevL+tXuOqrng8j/cxKTWyWUwvSTriiZz/g==}
    engines: {node: '>=8'}

  strip-ansi@6.0.1:
    resolution: {integrity: sha512-Y38VPSHcqkFrCpFnQ9vuSXmquuv5oXOKpGeT6aGrr3o3Gc9AlVa6JBfUSOCnbxGGZF+/0ooI7KrPuUSztUdU5A==}
    engines: {node: '>=8'}

  styled-jsx@5.1.1:
    resolution: {integrity: sha512-pW7uC1l4mBZ8ugbiZrcIsiIvVx1UmTfw7UkC3Um2tmfUq9Bhk8IiyEIPl6F8agHgjzku6j0xQEZbfA5uSgSaCw==}
    engines: {node: '>= 12.0.0'}
    peerDependencies:
      '@babel/core': '*'
      babel-plugin-macros: '*'
      react: '>= 16.8.0 || 17.x.x || ^18.0.0-0'
    peerDependenciesMeta:
      '@babel/core':
        optional: true
      babel-plugin-macros:
        optional: true

  svg-pathdata@6.0.3:
    resolution: {integrity: sha512-qsjeeq5YjBZ5eMdFuUa4ZosMLxgr5RZ+F+Y1OrDhuOCEInRMA3x74XdBtggJcj9kOeInz0WE+LgCPDkZFlBYJw==}
    engines: {node: '>=12.0.0'}

  tailwind-merge@2.5.5:
    resolution: {integrity: sha512-0LXunzzAZzo0tEPxV3I297ffKZPlKDrjj7NXphC8V5ak9yHC5zRmxnOe2m/Rd/7ivsOMJe3JZ2JVocoDdQTRBA==}

  tailwindcss-animate@1.0.7:
    resolution: {integrity: sha512-bl6mpH3T7I3UFxuvDEXLxy/VuFxBk5bbzplh7tXI68mwMokNYd1t9qPBHlnyTwfa4JGC4zP516I1hYYtQ/vspA==}
    peerDependencies:
      tailwindcss: '>=3.0.0 || insiders'

  text-segmentation@1.0.3:
    resolution: {integrity: sha512-iOiPUo/BGnZ6+54OsWxZidGCsdU8YbE4PSpdPinp7DeMtUJNJBoJ/ouUSTJjHkh1KntHaltHl/gDs2FC4i5+Nw==}

  tslib@2.8.1:
    resolution: {integrity: sha512-oJFu94HQb+KVduSUQL7wnpmqnfmLsOA/nAh6b6EH0wCEoK0/mPeXU6c3wKDV83MkOuHPRHtSXKKU99IBazS/2w==}

  tw-animate-css@1.4.0:
    resolution: {integrity: sha512-7bziOlRqH0hJx80h/3mbicLW7o8qLsH5+RaLR2t+OHM3D0JlWGODQKQ4cxbK7WlvmUxpcj6Kgu6EKqjrGFe3QQ==}

  typescript@5.0.2:
    resolution: {integrity: sha512-wVORMBGO/FAs/++blGNeAVdbNKtIh1rbBL2EyQ1+J9lClJ93KiiKe8PmFIVdXhHcyv44SL9oglmfeSsndo0jRw==}
    engines: {node: '>=12.20'}
    hasBin: true

  use-callback-ref@1.3.3:
    resolution: {integrity: sha512-jQL3lRnocaFtu3V00JToYz/4QkNWswxijDaCVNZRiRTO3HQDLsdu1ZtmIUvV4yPp+rvWm5j0y0TG/S61cuijTg==}
    engines: {node: '>=10'}
    peerDependencies:
      '@types/react': '*'
      react: ^16.8.0 || ^17.0.0 || ^18.0.0 || ^19.0.0 || ^19.0.0-rc
    peerDependenciesMeta:
      '@types/react':
        optional: true

  use-sidecar@1.1.3:
    resolution: {integrity: sha512-Fedw0aZvkhynoPYlA5WXrMCAMm+nSWdZt6lzJQ7Ok8S6Q+VsHmHpRWndVRJ8Be0ZbkfPc5LRYH+5XrzXcEeLRQ==}
    engines: {node: '>=10'}
    peerDependencies:
      '@types/react': '*'
      react: ^16.8.0 || ^17.0.0 || ^18.0.0 || ^19.0.0 || ^19.0.0-rc
    peerDependenciesMeta:
      '@types/react':
        optional: true

  utrie@1.0.2:
    resolution: {integrity: sha512-1MLa5ouZiOmQzUbjbu9VmjLzn1QLXBhwpUa7kdLUQK+KQ5KA9I1vk5U4YHe/X2Ch7PYnJfWuWT+VbuxbGwljhw==}

  which-module@2.0.1:
    resolution: {integrity: sha512-iBdZ57RDvnOR9AGBhML2vFZf7h8vmBjhoaZqODJBFWHVtKkDmKuHai3cx5PgVMrX5YDNp27AofYbAwctSS+vhQ==}

  wrap-ansi@6.2.0:
    resolution: {integrity: sha512-r6lPcBGxZXlIcymEu7InxDMhdW0KDxpLgoFLcguasxCaJ/SOIZwINatK9KY/tf+ZrlywOKU0UDj3ATXUBfxJXA==}
    engines: {node: '>=8'}

  y18n@4.0.3:
    resolution: {integrity: sha512-JKhqTOwSrqNA1NY5lSztJ1GrBiUodLMmIZuLiDaMRJ+itFd+ABVE8XBjOvIWL+rSqNDC74LCSFmlb/U4UZ4hJQ==}

  yargs-parser@18.1.3:
    resolution: {integrity: sha512-o50j0JeToy/4K6OZcaQmW6lyXXKhq7csREXcDwk2omFPJEwUNOVtJKvmDr9EI1fAJZUyZcRF7kxGBWmRXudrCQ==}
    engines: {node: '>=6'}

  yargs@15.4.1:
    resolution: {integrity: sha512-aePbxDmcYW++PaqBsJ+HYUFwCdv4LVvdnhBy78E57PIor8/OVvhMrADFFEDh8DHDFRv/O9i3lPhsENjO7QX0+A==}
    engines: {node: '>=8'}

snapshots:

  '@babel/runtime@7.28.3': {}

  '@next/env@14.2.4': {}

  '@next/swc-darwin-arm64@14.2.4':
    optional: true

  '@next/swc-darwin-x64@14.2.4':
    optional: true

  '@next/swc-linux-arm64-gnu@14.2.4':
    optional: true

  '@next/swc-linux-arm64-musl@14.2.4':
    optional: true

  '@next/swc-linux-x64-gnu@14.2.4':
    optional: true

  '@next/swc-linux-x64-musl@14.2.4':
    optional: true

  '@next/swc-win32-arm64-msvc@14.2.4':
    optional: true

  '@next/swc-win32-ia32-msvc@14.2.4':
    optional: true

  '@next/swc-win32-x64-msvc@14.2.4':
    optional: true

  '@radix-ui/primitive@1.1.3': {}

  '@radix-ui/react-compose-refs@1.1.2(@types/react@18.0.0)(react@18.0.0)':
    dependencies:
      react: 18.0.0
    optionalDependencies:
      '@types/react': 18.0.0

  '@radix-ui/react-context@1.1.2(@types/react@18.0.0)(react@18.0.0)':
    dependencies:
      react: 18.0.0
    optionalDependencies:
      '@types/react': 18.0.0

  '@radix-ui/react-dialog@1.1.15(@types/react-dom@18.0.0)(@types/react@18.0.0)(react-dom@18.0.0(react@18.0.0))(react@18.0.0)':
    dependencies:
      '@radix-ui/primitive': 1.1.3
      '@radix-ui/react-compose-refs': 1.1.2(@types/react@18.0.0)(react@18.0.0)
      '@radix-ui/react-context': 1.1.2(@types/react@18.0.0)(react@18.0.0)
      '@radix-ui/react-dismissable-layer': 1.1.11(@types/react-dom@18.0.0)(@types/react@18.0.0)(react-dom@18.0.0(react@18.0.0))(react@18.0.0)
      '@radix-ui/react-focus-guards': 1.1.3(@types/react@18.0.0)(react@18.0.0)
      '@radix-ui/react-focus-scope': 1.1.7(@types/react-dom@18.0.0)(@types/react@18.0.0)(react-dom@18.0.0(react@18.0.0))(react@18.0.0)
      '@radix-ui/react-id': 1.1.1(@types/react@18.0.0)(react@18.0.0)
      '@radix-ui/react-portal': 1.1.9(@types/react-dom@18.0.0)(@types/react@18.0.0)(react-dom@18.0.0(react@18.0.0))(react@18.0.0)
      '@radix-ui/react-presence': 1.1.5(@types/react-dom@18.0.0)(@types/react@18.0.0)(react-dom@18.0.0(react@18.0.0))(react@18.0.0)
      '@radix-ui/react-primitive': 2.1.3(@types/react-dom@18.0.0)(@types/react@18.0.0)(react-dom@18.0.0(react@18.0.0))(react@18.0.0)
      '@radix-ui/react-slot': 1.2.3(@types/react@18.0.0)(react@18.0.0)
      '@radix-ui/react-use-controllable-state': 1.2.2(@types/react@18.0.0)(react@18.0.0)
      aria-hidden: 1.2.6
      react: 18.0.0
      react-dom: 18.0.0(react@18.0.0)
      react-remove-scroll: 2.7.1(@types/react@18.0.0)(react@18.0.0)
    optionalDependencies:
      '@types/react': 18.0.0
      '@types/react-dom': 18.0.0

  '@radix-ui/react-dismissable-layer@1.1.11(@types/react-dom@18.0.0)(@types/react@18.0.0)(react-dom@18.0.0(react@18.0.0))(react@18.0.0)':
    dependencies:
      '@radix-ui/primitive': 1.1.3
      '@radix-ui/react-compose-refs': 1.1.2(@types/react@18.0.0)(react@18.0.0)
      '@radix-ui/react-primitive': 2.1.3(@types/react-dom@18.0.0)(@types/react@18.0.0)(react-dom@18.0.0(react@18.0.0))(react@18.0.0)
      '@radix-ui/react-use-callback-ref': 1.1.1(@types/react@18.0.0)(react@18.0.0)
      '@radix-ui/react-use-escape-keydown': 1.1.1(@types/react@18.0.0)(react@18.0.0)
      react: 18.0.0
      react-dom: 18.0.0(react@18.0.0)
    optionalDependencies:
      '@types/react': 18.0.0
      '@types/react-dom': 18.0.0

  '@radix-ui/react-focus-guards@1.1.3(@types/react@18.0.0)(react@18.0.0)':
    dependencies:
      react: 18.0.0
    optionalDependencies:
      '@types/react': 18.0.0

  '@radix-ui/react-focus-scope@1.1.7(@types/react-dom@18.0.0)(@types/react@18.0.0)(react-dom@18.0.0(react@18.0.0))(react@18.0.0)':
    dependencies:
      '@radix-ui/react-compose-refs': 1.1.2(@types/react@18.0.0)(react@18.0.0)
      '@radix-ui/react-primitive': 2.1.3(@types/react-dom@18.0.0)(@types/react@18.0.0)(react-dom@18.0.0(react@18.0.0))(react@18.0.0)
      '@radix-ui/react-use-callback-ref': 1.1.1(@types/react@18.0.0)(react@18.0.0)
      react: 18.0.0
      react-dom: 18.0.0(react@18.0.0)
    optionalDependencies:
      '@types/react': 18.0.0
      '@types/react-dom': 18.0.0

  '@radix-ui/react-id@1.1.1(@types/react@18.0.0)(react@18.0.0)':
    dependencies:
      '@radix-ui/react-use-layout-effect': 1.1.1(@types/react@18.0.0)(react@18.0.0)
      react: 18.0.0
    optionalDependencies:
      '@types/react': 18.0.0

  '@radix-ui/react-portal@1.1.9(@types/react-dom@18.0.0)(@types/react@18.0.0)(react-dom@18.0.0(react@18.0.0))(react@18.0.0)':
    dependencies:
      '@radix-ui/react-primitive': 2.1.3(@types/react-dom@18.0.0)(@types/react@18.0.0)(react-dom@18.0.0(react@18.0.0))(react@18.0.0)
      '@radix-ui/react-use-layout-effect': 1.1.1(@types/react@18.0.0)(react@18.0.0)
      react: 18.0.0
      react-dom: 18.0.0(react@18.0.0)
    optionalDependencies:
      '@types/react': 18.0.0
      '@types/react-dom': 18.0.0

  '@radix-ui/react-presence@1.1.5(@types/react-dom@18.0.0)(@types/react@18.0.0)(react-dom@18.0.0(react@18.0.0))(react@18.0.0)':
    dependencies:
      '@radix-ui/react-compose-refs': 1.1.2(@types/react@18.0.0)(react@18.0.0)
      '@radix-ui/react-use-layout-effect': 1.1.1(@types/react@18.0.0)(react@18.0.0)
      react: 18.0.0
      react-dom: 18.0.0(react@18.0.0)
    optionalDependencies:
      '@types/react': 18.0.0
      '@types/react-dom': 18.0.0

  '@radix-ui/react-primitive@2.1.3(@types/react-dom@18.0.0)(@types/react@18.0.0)(react-dom@18.0.0(react@18.0.0))(react@18.0.0)':
    dependencies:
      '@radix-ui/react-slot': 1.2.3(@types/react@18.0.0)(react@18.0.0)
      react: 18.0.0
      react-dom: 18.0.0(react@18.0.0)
    optionalDependencies:
      '@types/react': 18.0.0
      '@types/react-dom': 18.0.0

  '@radix-ui/react-slot@1.2.3(@types/react@18.0.0)(react@18.0.0)':
    dependencies:
      '@radix-ui/react-compose-refs': 1.1.2(@types/react@18.0.0)(react@18.0.0)
      react: 18.0.0
    optionalDependencies:
      '@types/react': 18.0.0

  '@radix-ui/react-use-callback-ref@1.1.1(@types/react@18.0.0)(react@18.0.0)':
    dependencies:
      react: 18.0.0
    optionalDependencies:
      '@types/react': 18.0.0

  '@radix-ui/react-use-controllable-state@1.2.2(@types/react@18.0.0)(react@18.0.0)':
    dependencies:
      '@radix-ui/react-use-effect-event': 0.0.2(@types/react@18.0.0)(react@18.0.0)
      '@radix-ui/react-use-layout-effect': 1.1.1(@types/react@18.0.0)(react@18.0.0)
      react: 18.0.0
    optionalDependencies:
      '@types/react': 18.0.0

  '@radix-ui/react-use-effect-event@0.0.2(@types/react@18.0.0)(react@18.0.0)':
    dependencies:
      '@radix-ui/react-use-layout-effect': 1.1.1(@types/react@18.0.0)(react@18.0.0)
      react: 18.0.0
    optionalDependencies:
      '@types/react': 18.0.0

  '@radix-ui/react-use-escape-keydown@1.1.1(@types/react@18.0.0)(react@18.0.0)':
    dependencies:
      '@radix-ui/react-use-callback-ref': 1.1.1(@types/react@18.0.0)(react@18.0.0)
      react: 18.0.0
    optionalDependencies:
      '@types/react': 18.0.0

  '@radix-ui/react-use-layout-effect@1.1.1(@types/react@18.0.0)(react@18.0.0)':
    dependencies:
      react: 18.0.0
    optionalDependencies:
      '@types/react': 18.0.0

  '@swc/counter@0.1.3': {}

  '@swc/helpers@0.5.5':
    dependencies:
      '@swc/counter': 0.1.3
      tslib: 2.8.1

  '@types/node@20.0.0': {}

  '@types/pako@2.0.4': {}

  '@types/prop-types@15.7.15': {}

  '@types/qrcode@1.5.5':
    dependencies:
      '@types/node': 20.0.0

  '@types/raf@3.4.3':
    optional: true

  '@types/react-dom@18.0.0':
    dependencies:
      '@types/react': 18.0.0

  '@types/react@18.0.0':
    dependencies:
      '@types/prop-types': 15.7.15
      '@types/scheduler': 0.26.0
      csstype: 3.1.3

  '@types/scheduler@0.26.0': {}

  '@types/trusted-types@2.0.7':
    optional: true

  ansi-regex@5.0.1: {}

  ansi-styles@4.3.0:
    dependencies:
      color-convert: 2.0.1

  aria-hidden@1.2.6:
    dependencies:
      tslib: 2.8.1

  base64-arraybuffer@1.0.2:
    optional: true

  busboy@1.6.0:
    dependencies:
      streamsearch: 1.1.0

  camelcase@5.3.1: {}

  caniuse-lite@1.0.30001737: {}

  canvg@3.0.11:
    dependencies:
      '@babel/runtime': 7.28.3
      '@types/raf': 3.4.3
      core-js: 3.45.1
      raf: 3.4.1
      regenerator-runtime: 0.13.11
      rgbcolor: 1.0.1
      stackblur-canvas: 2.7.0
      svg-pathdata: 6.0.3
    optional: true

  class-variance-authority@0.7.1:
    dependencies:
      clsx: 2.1.1

  client-only@0.0.1: {}

  cliui@6.0.0:
    dependencies:
      string-width: 4.2.3
      strip-ansi: 6.0.1
      wrap-ansi: 6.2.0

  clsx@2.1.1: {}

  color-convert@2.0.1:
    dependencies:
      color-name: 1.1.4

  color-name@1.1.4: {}

  core-js@3.45.1:
    optional: true

  css-line-break@2.1.0:
    dependencies:
      utrie: 1.0.2
    optional: true

  csstype@3.1.3: {}

  decamelize@1.2.0: {}

  detect-node-es@1.1.0: {}

  dijkstrajs@1.0.3: {}

  dompurify@3.2.6:
    optionalDependencies:
      '@types/trusted-types': 2.0.7
    optional: true

  emoji-regex@8.0.0: {}

  fast-png@6.4.0:
    dependencies:
      '@types/pako': 2.0.4
      iobuffer: 5.4.0
      pako: 2.1.0

  fflate@0.8.2: {}

  find-up@4.1.0:
    dependencies:
      locate-path: 5.0.0
      path-exists: 4.0.0

  get-caller-file@2.0.5: {}

  get-nonce@1.0.1: {}

  graceful-fs@4.2.11: {}

  html2canvas@1.4.1:
    dependencies:
      css-line-break: 2.1.0
      text-segmentation: 1.0.3
    optional: true

  iobuffer@5.4.0: {}

  is-fullwidth-code-point@3.0.0: {}

  js-tokens@4.0.0: {}

  jspdf@3.0.3:
    dependencies:
      '@babel/runtime': 7.28.3
      fast-png: 6.4.0
      fflate: 0.8.2
    optionalDependencies:
      canvg: 3.0.11
      core-js: 3.45.1
      dompurify: 3.2.6
      html2canvas: 1.4.1

  locate-path@5.0.0:
    dependencies:
      p-locate: 4.1.0

  loose-envify@1.4.0:
    dependencies:
      js-tokens: 4.0.0

  lucide-react@0.454.0(react@18.0.0):
    dependencies:
      react: 18.0.0

  nanoid@3.3.11: {}

  next@14.2.4(react-dom@18.0.0(react@18.0.0))(react@18.0.0):
    dependencies:
      '@next/env': 14.2.4
      '@swc/helpers': 0.5.5
      busboy: 1.6.0
      caniuse-lite: 1.0.30001737
      graceful-fs: 4.2.11
      postcss: 8.4.31
      react: 18.0.0
      react-dom: 18.0.0(react@18.0.0)
      styled-jsx: 5.1.1(react@18.0.0)
    optionalDependencies:
      '@next/swc-darwin-arm64': 14.2.4
      '@next/swc-darwin-x64': 14.2.4
      '@next/swc-linux-arm64-gnu': 14.2.4
      '@next/swc-linux-arm64-musl': 14.2.4
      '@next/swc-linux-x64-gnu': 14.2.4
      '@next/swc-linux-x64-musl': 14.2.4
      '@next/swc-win32-arm64-msvc': 14.2.4
      '@next/swc-win32-ia32-msvc': 14.2.4
      '@next/swc-win32-x64-msvc': 14.2.4
    transitivePeerDependencies:
      - '@babel/core'
      - babel-plugin-macros

  p-limit@2.3.0:
    dependencies:
      p-try: 2.2.0

  p-locate@4.1.0:
    dependencies:
      p-limit: 2.3.0

  p-try@2.2.0: {}

  pako@2.1.0: {}

  path-exists@4.0.0: {}

  performance-now@2.1.0:
    optional: true

  picocolors@1.1.1: {}

  pngjs@5.0.0: {}

  postcss@8.4.31:
    dependencies:
      nanoid: 3.3.11
      picocolors: 1.1.1
      source-map-js: 1.2.1

  postcss@8.5.0:
    dependencies:
      nanoid: 3.3.11
      picocolors: 1.1.1
      source-map-js: 1.2.1

  qrcode@1.5.4:
    dependencies:
      dijkstrajs: 1.0.3
      pngjs: 5.0.0
      yargs: 15.4.1

  raf@3.4.1:
    dependencies:
      performance-now: 2.1.0
    optional: true

  react-dom@18.0.0(react@18.0.0):
    dependencies:
      loose-envify: 1.4.0
      react: 18.0.0
      scheduler: 0.21.0

  react-remove-scroll-bar@2.3.8(@types/react@18.0.0)(react@18.0.0):
    dependencies:
      react: 18.0.0
      react-style-singleton: 2.2.3(@types/react@18.0.0)(react@18.0.0)
      tslib: 2.8.1
    optionalDependencies:
      '@types/react': 18.0.0

  react-remove-scroll@2.7.1(@types/react@18.0.0)(react@18.0.0):
    dependencies:
      react: 18.0.0
      react-remove-scroll-bar: 2.3.8(@types/react@18.0.0)(react@18.0.0)
      react-style-singleton: 2.2.3(@types/react@18.0.0)(react@18.0.0)
      tslib: 2.8.1
      use-callback-ref: 1.3.3(@types/react@18.0.0)(react@18.0.0)
      use-sidecar: 1.1.3(@types/react@18.0.0)(react@18.0.0)
    optionalDependencies:
      '@types/react': 18.0.0

  react-style-singleton@2.2.3(@types/react@18.0.0)(react@18.0.0):
    dependencies:
      get-nonce: 1.0.1
      react: 18.0.0
      tslib: 2.8.1
    optionalDependencies:
      '@types/react': 18.0.0

  react@18.0.0:
    dependencies:
      loose-envify: 1.4.0

  regenerator-runtime@0.13.11:
    optional: true

  require-directory@2.1.1: {}

  require-main-filename@2.0.0: {}

  rgbcolor@1.0.1:
    optional: true

  scheduler@0.21.0:
    dependencies:
      loose-envify: 1.4.0

  set-blocking@2.0.0: {}

  source-map-js@1.2.1: {}

  stackblur-canvas@2.7.0:
    optional: true

  streamsearch@1.1.0: {}

  string-width@4.2.3:
    dependencies:
      emoji-regex: 8.0.0
      is-fullwidth-code-point: 3.0.0
      strip-ansi: 6.0.1

  strip-ansi@6.0.1:
    dependencies:
      ansi-regex: 5.0.1

  styled-jsx@5.1.1(react@18.0.0):
    dependencies:
      client-only: 0.0.1
      react: 18.0.0

  svg-pathdata@6.0.3:
    optional: true

  tailwind-merge@2.5.5: {}

  tailwindcss-animate@1.0.7: {}

  text-segmentation@1.0.3:
    dependencies:
      utrie: 1.0.2
    optional: true

  tslib@2.8.1: {}

  tw-animate-css@1.4.0: {}

  typescript@5.0.2: {}

  use-callback-ref@1.3.3(@types/react@18.0.0)(react@18.0.0):
    dependencies:
      react: 18.0.0
      tslib: 2.8.1
    optionalDependencies:
      '@types/react': 18.0.0

  use-sidecar@1.1.3(@types/react@18.0.0)(react@18.0.0):
    dependencies:
      detect-node-es: 1.1.0
      react: 18.0.0
      tslib: 2.8.1
    optionalDependencies:
      '@types/react': 18.0.0

  utrie@1.0.2:
    dependencies:
      base64-arraybuffer: 1.0.2
    optional: true

  which-module@2.0.1: {}

  wrap-ansi@6.2.0:
    dependencies:
      ansi-styles: 4.3.0
      string-width: 4.2.3
      strip-ansi: 6.0.1

  y18n@4.0.3: {}

  yargs-parser@18.1.3:
    dependencies:
      camelcase: 5.3.1
      decamelize: 1.2.0

  yargs@15.4.1:
    dependencies:
      cliui: 6.0.0
      decamelize: 1.2.0
      find-up: 4.1.0
      get-caller-file: 2.0.5
      require-directory: 2.1.1
      require-main-filename: 2.0.0
      set-blocking: 2.0.0
      string-width: 4.2.3
      which-module: 2.0.1
      y18n: 4.0.3
      yargs-parser: 18.1.3
